
Microsoft Visual Studio Solution File, Format Version 12.00
# Visual Studio Version 17
VisualStudioVersion = 17.6.33815.320
MinimumVisualStudioVersion = 10.0.40219.1
Project("{9A19103F-16F7-4668-BE54-9A1E7A4F7556}") = "Irock.PatientHealthApp", "Irock.PatientHealthApp\Irock.PatientHealthApp.csproj", "{A33E47D4-DF94-4170-9769-2EC1F2789BFF}"
EndProject
Project("{9A19103F-16F7-4668-BE54-9A1E7A4F7556}") = "Irock.PatientHealthApp.Repository", "Irock.PatientHealthApp.Repository\Irock.PatientHealthApp.Repository.csproj", "{52642EFB-4ABB-450C-BB38-5ED5DB70D1B7}"
EndProject
Project("{9A19103F-16F7-4668-BE54-9A1E7A4F7556}") = "Irock.PatientHealthApp.Database", "Irock.PatientHealthApp.Database\Irock.PatientHealthApp.Database.csproj", "{3321A0C4-4D43-4CF7-8185-C94B8FB3BC75}"
EndProject
Project("{9A19103F-16F7-4668-BE54-9A1E7A4F7556}") = "Irock.PatientHealthApp.Common", "Irock.PatientHealthApp.Common\Irock.PatientHealthApp.Common.csproj", "{D68C8F18-CFD2-4250-B787-0E7B23025F89}"
EndProject
Project("{9A19103F-16F7-4668-BE54-9A1E7A4F7556}") = "Irock.PatientHealthApp.Serivces", "Irock.PatientHealthApp.Serivces\Irock.PatientHealthApp.Serivces.csproj", "{5BC6F671-3B7E-488D-95C8-BA843D973555}"
EndProject
Project("{9A19103F-16F7-4668-BE54-9A1E7A4F7556}") = "Irock.PatientHealthApp.DTO", "Irock.PatientHealthApp.DTO\Irock.PatientHealthApp.DTO.csproj", "{EA9CB0FE-C001-4F86-86A0-DD294E2E4F5A}"
EndProject
Global
	GlobalSection(SolutionConfigurationPlatforms) = preSolution
		Debug|Any CPU = Debug|Any CPU
		Release|Any CPU = Release|Any CPU
	EndGlobalSection
	GlobalSection(ProjectConfigurationPlatforms) = postSolution
		{A33E47D4-DF94-4170-9769-2EC1F2789BFF}.Debug|Any CPU.ActiveCfg = Debug|Any CPU
		{A33E47D4-DF94-4170-9769-2EC1F2789BFF}.Debug|Any CPU.Build.0 = Debug|Any CPU
		{A33E47D4-DF94-4170-9769-2EC1F2789BFF}.Release|Any CPU.ActiveCfg = Release|Any CPU
		{A33E47D4-DF94-4170-9769-2EC1F2789BFF}.Release|Any CPU.Build.0 = Release|Any CPU
		{52642EFB-4ABB-450C-BB38-5ED5DB70D1B7}.Debug|Any CPU.ActiveCfg = Debug|Any CPU
		{52642EFB-4ABB-450C-BB38-5ED5DB70D1B7}.Debug|Any CPU.Build.0 = Debug|Any CPU
		{52642EFB-4ABB-450C-BB38-5ED5DB70D1B7}.Release|Any CPU.ActiveCfg = Release|Any CPU
		{52642EFB-4ABB-450C-BB38-5ED5DB70D1B7}.Release|Any CPU.Build.0 = Release|Any CPU
		{3321A0C4-4D43-4CF7-8185-C94B8FB3BC75}.Debug|Any CPU.ActiveCfg = Debug|Any CPU
		{3321A0C4-4D43-4CF7-8185-C94B8FB3BC75}.Debug|Any CPU.Build.0 = Debug|Any CPU
		{3321A0C4-4D43-4CF7-8185-C94B8FB3BC75}.Release|Any CPU.ActiveCfg = Release|Any CPU
		{3321A0C4-4D43-4CF7-8185-C94B8FB3BC75}.Release|Any CPU.Build.0 = Release|Any CPU
		{D68C8F18-CFD2-4250-B787-0E7B23025F89}.Debug|Any CPU.ActiveCfg = Debug|Any CPU
		{D68C8F18-CFD2-4250-B787-0E7B23025F89}.Debug|Any CPU.Build.0 = Debug|Any CPU
		{D68C8F18-CFD2-4250-B787-0E7B23025F89}.Release|Any CPU.ActiveCfg = Release|Any CPU
		{D68C8F18-CFD2-4250-B787-0E7B23025F89}.Release|Any CPU.Build.0 = Release|Any CPU
		{5BC6F671-3B7E-488D-95C8-BA843D973555}.Debug|Any CPU.ActiveCfg = Debug|Any CPU
		{5BC6F671-3B7E-488D-95C8-BA843D973555}.Debug|Any CPU.Build.0 = Debug|Any CPU
		{5BC6F671-3B7E-488D-95C8-BA843D973555}.Release|Any CPU.ActiveCfg = Release|Any CPU
		{5BC6F671-3B7E-488D-95C8-BA843D973555}.Release|Any CPU.Build.0 = Release|Any CPU
		{EA9CB0FE-C001-4F86-86A0-DD294E2E4F5A}.Debug|Any CPU.ActiveCfg = Debug|Any CPU
		{EA9CB0FE-C001-4F86-86A0-DD294E2E4F5A}.Debug|Any CPU.Build.0 = Debug|Any CPU
		{EA9CB0FE-C001-4F86-86A0-DD294E2E4F5A}.Release|Any CPU.ActiveCfg = Release|Any CPU
		{EA9CB0FE-C001-4F86-86A0-DD294E2E4F5A}.Release|Any CPU.Build.0 = Release|Any CPU
	EndGlobalSection
	GlobalSection(SolutionProperties) = preSolution
		HideSolutionNode = FALSE
	EndGlobalSection
	GlobalSection(ExtensibilityGlobals) = postSolution
		SolutionGuid = {7772801F-6B81-49E5-A2F3-6A149FAC302B}
	EndGlobalSection
EndGlobal
